// !$*UTF8*$!
{
	archiveVersion = 1;
	classes = {
	};
	objectVersion = 56;
	objects = {

/* Begin PBXBuildFile section */
		261ADF9E2B15AB5C001AAB81 /* SampleData.json in Resources */ = {isa = PBXBuildFile; fileRef = 261ADF9D2B15AB5C001AAB81 /* SampleData.json */; };
		263272732B1AF1E900D08CFE /* Recipe.swift in Sources */ = {isa = PBXBuildFile; fileRef = 263272722B1AF1E900D08CFE /* Recipe.swift */; };
		26B8986E2B0DAA930011142B /* recipesApp.swift in Sources */ = {isa = PBXBuildFile; fileRef = 26B8986D2B0DAA930011142B /* recipesApp.swift */; };
		26B898722B0DAA930011142B /* Item.swift in Sources */ = {isa = PBXBuildFile; fileRef = 26B898712B0DAA930011142B /* Item.swift */; };
		26B898742B0DAA940011142B /* Assets.xcassets in Resources */ = {isa = PBXBuildFile; fileRef = 26B898732B0DAA940011142B /* Assets.xcassets */; };
		26B898772B0DAA940011142B /* Preview Assets.xcassets in Resources */ = {isa = PBXBuildFile; fileRef = 26B898762B0DAA940011142B /* Preview Assets.xcassets */; };
		26B898812B0DAA940011142B /* recipesTests.swift in Sources */ = {isa = PBXBuildFile; fileRef = 26B898802B0DAA940011142B /* recipesTests.swift */; };
		26B8988B2B0DAA940011142B /* recipesUITests.swift in Sources */ = {isa = PBXBuildFile; fileRef = 26B8988A2B0DAA940011142B /* recipesUITests.swift */; };
		26B8988D2B0DAA940011142B /* recipesUITestsLaunchTests.swift in Sources */ = {isa = PBXBuildFile; fileRef = 26B8988C2B0DAA940011142B /* recipesUITestsLaunchTests.swift */; };
		26B8989B2B0DAEE10011142B /* MarkdownUI in Frameworks */ = {isa = PBXBuildFile; productRef = 26B8989A2B0DAEE10011142B /* MarkdownUI */; };
		26BA9FB62B1BEE5C006BBA34 /* RecipeView.swift in Sources */ = {isa = PBXBuildFile; fileRef = 26BA9FB52B1BEE5C006BBA34 /* RecipeView.swift */; };
		26CFECDF2B15A5E6007CA99C /* SampleRecipes.swift in Sources */ = {isa = PBXBuildFile; fileRef = 26CFECDE2B15A5E6007CA99C /* SampleRecipes.swift */; };
		26EB3E1A2B280435002F08F7 /* EmmasRecipes.swift in Sources */ = {isa = PBXBuildFile; fileRef = 26EB3E192B280435002F08F7 /* EmmasRecipes.swift */; };
		26EC639F2B28C14B00C0C1F5 /* AddSheetView.swift in Sources */ = {isa = PBXBuildFile; fileRef = 26EC639E2B28C14B00C0C1F5 /* AddSheetView.swift */; };
		26EC63A12B28C66300C0C1F5 /* AddIngredientView.swift in Sources */ = {isa = PBXBuildFile; fileRef = 26EC63A02B28C66300C0C1F5 /* AddIngredientView.swift */; };
		26EC63A32B28C6DF00C0C1F5 /* AddInstructionView.swift in Sources */ = {isa = PBXBuildFile; fileRef = 26EC63A22B28C6DF00C0C1F5 /* AddInstructionView.swift */; };
		26F4E7872B27A0F6004E889B /* ViewModel.swift in Sources */ = {isa = PBXBuildFile; fileRef = 26F4E7862B27A0F6004E889B /* ViewModel.swift */; };
/* End PBXBuildFile section */

/* Begin PBXContainerItemProxy section */
		26B8987D2B0DAA940011142B /* PBXContainerItemProxy */ = {
			isa = PBXContainerItemProxy;
			containerPortal = 26B898622B0DAA930011142B /* Project object */;
			proxyType = 1;
			remoteGlobalIDString = 26B898692B0DAA930011142B;
			remoteInfo = recipes;
		};
		26B898872B0DAA940011142B /* PBXContainerItemProxy */ = {
			isa = PBXContainerItemProxy;
			containerPortal = 26B898622B0DAA930011142B /* Project object */;
			proxyType = 1;
			remoteGlobalIDString = 26B898692B0DAA930011142B;
			remoteInfo = recipes;
		};
/* End PBXContainerItemProxy section */

/* Begin PBXFileReference section */
		261ADF9D2B15AB5C001AAB81 /* SampleData.json */ = {isa = PBXFileReference; lastKnownFileType = text.json; path = SampleData.json; sourceTree = "<group>"; };
		263272722B1AF1E900D08CFE /* Recipe.swift */ = {isa = PBXFileReference; lastKnownFileType = sourcecode.swift; path = Recipe.swift; sourceTree = "<group>"; };
		26B8986A2B0DAA930011142B /* recipes.app */ = {isa = PBXFileReference; explicitFileType = wrapper.application; includeInIndex = 0; path = recipes.app; sourceTree = BUILT_PRODUCTS_DIR; };
		26B8986D2B0DAA930011142B /* recipesApp.swift */ = {isa = PBXFileReference; lastKnownFileType = sourcecode.swift; path = recipesApp.swift; sourceTree = "<group>"; };
		26B898712B0DAA930011142B /* Item.swift */ = {isa = PBXFileReference; lastKnownFileType = sourcecode.swift; path = Item.swift; sourceTree = "<group>"; };
		26B898732B0DAA940011142B /* Assets.xcassets */ = {isa = PBXFileReference; lastKnownFileType = folder.assetcatalog; path = Assets.xcassets; sourceTree = "<group>"; };
		26B898762B0DAA940011142B /* Preview Assets.xcassets */ = {isa = PBXFileReference; lastKnownFileType = folder.assetcatalog; path = "Preview Assets.xcassets"; sourceTree = "<group>"; };
		26B8987C2B0DAA940011142B /* recipesTests.xctest */ = {isa = PBXFileReference; explicitFileType = wrapper.cfbundle; includeInIndex = 0; path = recipesTests.xctest; sourceTree = BUILT_PRODUCTS_DIR; };
		26B898802B0DAA940011142B /* recipesTests.swift */ = {isa = PBXFileReference; lastKnownFileType = sourcecode.swift; path = recipesTests.swift; sourceTree = "<group>"; };
		26B898862B0DAA940011142B /* recipesUITests.xctest */ = {isa = PBXFileReference; explicitFileType = wrapper.cfbundle; includeInIndex = 0; path = recipesUITests.xctest; sourceTree = BUILT_PRODUCTS_DIR; };
		26B8988A2B0DAA940011142B /* recipesUITests.swift */ = {isa = PBXFileReference; lastKnownFileType = sourcecode.swift; path = recipesUITests.swift; sourceTree = "<group>"; };
		26B8988C2B0DAA940011142B /* recipesUITestsLaunchTests.swift */ = {isa = PBXFileReference; lastKnownFileType = sourcecode.swift; path = recipesUITestsLaunchTests.swift; sourceTree = "<group>"; };
		26BA9FB52B1BEE5C006BBA34 /* RecipeView.swift */ = {isa = PBXFileReference; lastKnownFileType = sourcecode.swift; path = RecipeView.swift; sourceTree = "<group>"; };
		26CFECDE2B15A5E6007CA99C /* SampleRecipes.swift */ = {isa = PBXFileReference; lastKnownFileType = sourcecode.swift; path = SampleRecipes.swift; sourceTree = "<group>"; };
		26EB3E192B280435002F08F7 /* EmmasRecipes.swift */ = {isa = PBXFileReference; lastKnownFileType = sourcecode.swift; path = EmmasRecipes.swift; sourceTree = "<group>"; };
		26EC639E2B28C14B00C0C1F5 /* AddSheetView.swift */ = {isa = PBXFileReference; lastKnownFileType = sourcecode.swift; path = AddSheetView.swift; sourceTree = "<group>"; };
		26EC63A02B28C66300C0C1F5 /* AddIngredientView.swift */ = {isa = PBXFileReference; lastKnownFileType = sourcecode.swift; path = AddIngredientView.swift; sourceTree = "<group>"; };
		26EC63A22B28C6DF00C0C1F5 /* AddInstructionView.swift */ = {isa = PBXFileReference; lastKnownFileType = sourcecode.swift; path = AddInstructionView.swift; sourceTree = "<group>"; };
		26F4E7862B27A0F6004E889B /* ViewModel.swift */ = {isa = PBXFileReference; lastKnownFileType = sourcecode.swift; path = ViewModel.swift; sourceTree = "<group>"; };
/* End PBXFileReference section */

/* Begin PBXFrameworksBuildPhase section */
		26B898672B0DAA930011142B /* Frameworks */ = {
			isa = PBXFrameworksBuildPhase;
			buildActionMask = 2147483647;
			files = (
				26B8989B2B0DAEE10011142B /* MarkdownUI in Frameworks */,
			);
			runOnlyForDeploymentPostprocessing = 0;
		};
		26B898792B0DAA940011142B /* Frameworks */ = {
			isa = PBXFrameworksBuildPhase;
			buildActionMask = 2147483647;
			files = (
			);
			runOnlyForDeploymentPostprocessing = 0;
		};
		26B898832B0DAA940011142B /* Frameworks */ = {
			isa = PBXFrameworksBuildPhase;
			buildActionMask = 2147483647;
			files = (
			);
			runOnlyForDeploymentPostprocessing = 0;
		};
/* End PBXFrameworksBuildPhase section */

/* Begin PBXGroup section */
		26B898612B0DAA930011142B = {
			isa = PBXGroup;
			children = (
				26B8986C2B0DAA930011142B /* recipes */,
				26B8987F2B0DAA940011142B /* recipesTests */,
				26B898892B0DAA940011142B /* recipesUITests */,
				26B8986B2B0DAA930011142B /* Products */,
			);
			sourceTree = "<group>";
		};
		26B8986B2B0DAA930011142B /* Products */ = {
			isa = PBXGroup;
			children = (
				26B8986A2B0DAA930011142B /* recipes.app */,
				26B8987C2B0DAA940011142B /* recipesTests.xctest */,
				26B898862B0DAA940011142B /* recipesUITests.xctest */,
			);
			name = Products;
			sourceTree = "<group>";
		};
		26B8986C2B0DAA930011142B /* recipes */ = {
			isa = PBXGroup;
			children = (
				26EB3E182B28041D002F08F7 /* Utilities */,
				26F4E7832B27A0A6004E889B /* Model */,
				26F4E7852B27A0C5004E889B /* View */,
				26F4E7842B27A0B3004E889B /* View Model */,
				26B898712B0DAA930011142B /* Item.swift */,
				26B898732B0DAA940011142B /* Assets.xcassets */,
				26B898752B0DAA940011142B /* Preview Content */,
			);
			path = recipes;
			sourceTree = "<group>";
		};
		26B898752B0DAA940011142B /* Preview Content */ = {
			isa = PBXGroup;
			children = (
				26B898762B0DAA940011142B /* Preview Assets.xcassets */,
			);
			path = "Preview Content";
			sourceTree = "<group>";
		};
		26B8987F2B0DAA940011142B /* recipesTests */ = {
			isa = PBXGroup;
			children = (
				26B898802B0DAA940011142B /* recipesTests.swift */,
			);
			path = recipesTests;
			sourceTree = "<group>";
		};
		26B898892B0DAA940011142B /* recipesUITests */ = {
			isa = PBXGroup;
			children = (
				26B8988A2B0DAA940011142B /* recipesUITests.swift */,
				26B8988C2B0DAA940011142B /* recipesUITestsLaunchTests.swift */,
			);
			path = recipesUITests;
			sourceTree = "<group>";
		};
		26EB3E182B28041D002F08F7 /* Utilities */ = {
			isa = PBXGroup;
			children = (
				261ADF9D2B15AB5C001AAB81 /* SampleData.json */,
				26CFECDE2B15A5E6007CA99C /* SampleRecipes.swift */,
				26EB3E192B280435002F08F7 /* EmmasRecipes.swift */,
			);
			name = Utilities;
			sourceTree = "<group>";
		};
		26F4E7832B27A0A6004E889B /* Model */ = {
			isa = PBXGroup;
			children = (
				263272722B1AF1E900D08CFE /* Recipe.swift */,
			);
			name = Model;
			sourceTree = "<group>";
		};
		26F4E7842B27A0B3004E889B /* View Model */ = {
			isa = PBXGroup;
			children = (
				26F4E7862B27A0F6004E889B /* ViewModel.swift */,
			);
			name = "View Model";
			sourceTree = "<group>";
		};
		26F4E7852B27A0C5004E889B /* View */ = {
			isa = PBXGroup;
			children = (
				26B8986D2B0DAA930011142B /* recipesApp.swift */,
				26BA9FB52B1BEE5C006BBA34 /* RecipeView.swift */,
				26EC639E2B28C14B00C0C1F5 /* AddSheetView.swift */,
				26EC63A02B28C66300C0C1F5 /* AddIngredientView.swift */,
				26EC63A22B28C6DF00C0C1F5 /* AddInstructionView.swift */,
			);
			name = View;
			sourceTree = "<group>";
		};
/* End PBXGroup section */

/* Begin PBXNativeTarget section */
		26B898692B0DAA930011142B /* recipes */ = {
			isa = PBXNativeTarget;
			buildConfigurationList = 26B898902B0DAA940011142B /* Build configuration list for PBXNativeTarget "recipes" */;
			buildPhases = (
				26B898662B0DAA930011142B /* Sources */,
				26B898672B0DAA930011142B /* Frameworks */,
				26B898682B0DAA930011142B /* Resources */,
			);
			buildRules = (
			);
			dependencies = (
			);
			name = recipes;
			packageProductDependencies = (
				26B8989A2B0DAEE10011142B /* MarkdownUI */,
			);
			productName = recipes;
			productReference = 26B8986A2B0DAA930011142B /* recipes.app */;
			productType = "com.apple.product-type.application";
		};
		26B8987B2B0DAA940011142B /* recipesTests */ = {
			isa = PBXNativeTarget;
			buildConfigurationList = 26B898932B0DAA940011142B /* Build configuration list for PBXNativeTarget "recipesTests" */;
			buildPhases = (
				26B898782B0DAA940011142B /* Sources */,
				26B898792B0DAA940011142B /* Frameworks */,
				26B8987A2B0DAA940011142B /* Resources */,
			);
			buildRules = (
			);
			dependencies = (
				26B8987E2B0DAA940011142B /* PBXTargetDependency */,
			);
			name = recipesTests;
			productName = recipesTests;
			productReference = 26B8987C2B0DAA940011142B /* recipesTests.xctest */;
			productType = "com.apple.product-type.bundle.unit-test";
		};
		26B898852B0DAA940011142B /* recipesUITests */ = {
			isa = PBXNativeTarget;
			buildConfigurationList = 26B898962B0DAA940011142B /* Build configuration list for PBXNativeTarget "recipesUITests" */;
			buildPhases = (
				26B898822B0DAA940011142B /* Sources */,
				26B898832B0DAA940011142B /* Frameworks */,
				26B898842B0DAA940011142B /* Resources */,
			);
			buildRules = (
			);
			dependencies = (
				26B898882B0DAA940011142B /* PBXTargetDependency */,
			);
			name = recipesUITests;
			productName = recipesUITests;
			productReference = 26B898862B0DAA940011142B /* recipesUITests.xctest */;
			productType = "com.apple.product-type.bundle.ui-testing";
		};
/* End PBXNativeTarget section */

/* Begin PBXProject section */
		26B898622B0DAA930011142B /* Project object */ = {
			isa = PBXProject;
			attributes = {
				BuildIndependentTargetsInParallel = 1;
				LastSwiftUpdateCheck = 1500;
				LastUpgradeCheck = 1500;
				TargetAttributes = {
					26B898692B0DAA930011142B = {
						CreatedOnToolsVersion = 15.0.1;
					};
					26B8987B2B0DAA940011142B = {
						CreatedOnToolsVersion = 15.0.1;
						TestTargetID = 26B898692B0DAA930011142B;
					};
					26B898852B0DAA940011142B = {
						CreatedOnToolsVersion = 15.0.1;
						TestTargetID = 26B898692B0DAA930011142B;
					};
				};
			};
			buildConfigurationList = 26B898652B0DAA930011142B /* Build configuration list for PBXProject "recipes" */;
			compatibilityVersion = "Xcode 14.0";
			developmentRegion = en;
			hasScannedForEncodings = 0;
			knownRegions = (
				en,
				Base,
			);
			mainGroup = 26B898612B0DAA930011142B;
			packageReferences = (
				26B898992B0DAEE10011142B /* XCRemoteSwiftPackageReference "swift-markdown-ui" */,
			);
			productRefGroup = 26B8986B2B0DAA930011142B /* Products */;
			projectDirPath = "";
			projectRoot = "";
			targets = (
				26B898692B0DAA930011142B /* recipes */,
				26B8987B2B0DAA940011142B /* recipesTests */,
				26B898852B0DAA940011142B /* recipesUITests */,
			);
		};
/* End PBXProject section */

/* Begin PBXResourcesBuildPhase section */
		26B898682B0DAA930011142B /* Resources */ = {
			isa = PBXResourcesBuildPhase;
			buildActionMask = 2147483647;
			files = (
				26B898772B0DAA940011142B /* Preview Assets.xcassets in Resources */,
				261ADF9E2B15AB5C001AAB81 /* SampleData.json in Resources */,
				26B898742B0DAA940011142B /* Assets.xcassets in Resources */,
			);
			runOnlyForDeploymentPostprocessing = 0;
		};
		26B8987A2B0DAA940011142B /* Resources */ = {
			isa = PBXResourcesBuildPhase;
			buildActionMask = 2147483647;
			files = (
			);
			runOnlyForDeploymentPostprocessing = 0;
		};
		26B898842B0DAA940011142B /* Resources */ = {
			isa = PBXResourcesBuildPhase;
			buildActionMask = 2147483647;
			files = (
			);
			runOnlyForDeploymentPostprocessing = 0;
		};
/* End PBXResourcesBuildPhase section */

/* Begin PBXSourcesBuildPhase section */
		26B898662B0DAA930011142B /* Sources */ = {
			isa = PBXSourcesBuildPhase;
			buildActionMask = 2147483647;
			files = (
				26B898722B0DAA930011142B /* Item.swift in Sources */,
				26B8986E2B0DAA930011142B /* recipesApp.swift in Sources */,
				26EC63A12B28C66300C0C1F5 /* AddIngredientView.swift in Sources */,
				26EC639F2B28C14B00C0C1F5 /* AddSheetView.swift in Sources */,
				26CFECDF2B15A5E6007CA99C /* SampleRecipes.swift in Sources */,
				263272732B1AF1E900D08CFE /* Recipe.swift in Sources */,
				26F4E7872B27A0F6004E889B /* ViewModel.swift in Sources */,
				26EB3E1A2B280435002F08F7 /* EmmasRecipes.swift in Sources */,
				26BA9FB62B1BEE5C006BBA34 /* RecipeView.swift in Sources */,
				26EC63A32B28C6DF00C0C1F5 /* AddInstructionView.swift in Sources */,
			);
			runOnlyForDeploymentPostprocessing = 0;
		};
		26B898782B0DAA940011142B /* Sources */ = {
			isa = PBXSourcesBuildPhase;
			buildActionMask = 2147483647;
			files = (
				26B898812B0DAA940011142B /* recipesTests.swift in Sources */,
			);
			runOnlyForDeploymentPostprocessing = 0;
		};
		26B898822B0DAA940011142B /* Sources */ = {
			isa = PBXSourcesBuildPhase;
			buildActionMask = 2147483647;
			files = (
				26B8988D2B0DAA940011142B /* recipesUITestsLaunchTests.swift in Sources */,
				26B8988B2B0DAA940011142B /* recipesUITests.swift in Sources */,
			);
			runOnlyForDeploymentPostprocessing = 0;
		};
/* End PBXSourcesBuildPhase section */

/* Begin PBXTargetDependency section */
		26B8987E2B0DAA940011142B /* PBXTargetDependency */ = {
			isa = PBXTargetDependency;
			target = 26B898692B0DAA930011142B /* recipes */;
			targetProxy = 26B8987D2B0DAA940011142B /* PBXContainerItemProxy */;
		};
		26B898882B0DAA940011142B /* PBXTargetDependency */ = {
			isa = PBXTargetDependency;
			target = 26B898692B0DAA930011142B /* recipes */;
			targetProxy = 26B898872B0DAA940011142B /* PBXContainerItemProxy */;
		};
/* End PBXTargetDependency section */

/* Begin XCBuildConfiguration section */
		26B8988E2B0DAA940011142B /* Debug */ = {
			isa = XCBuildConfiguration;
			buildSettings = {
				ALWAYS_SEARCH_USER_PATHS = NO;
				ASSETCATALOG_COMPILER_GENERATE_SWIFT_ASSET_SYMBOL_EXTENSIONS = YES;
				CLANG_ANALYZER_NONNULL = YES;
				CLANG_ANALYZER_NUMBER_OBJECT_CONVERSION = YES_AGGRESSIVE;
				CLANG_CXX_LANGUAGE_STANDARD = "gnu++20";
				CLANG_ENABLE_MODULES = YES;
				CLANG_ENABLE_OBJC_ARC = YES;
				CLANG_ENABLE_OBJC_WEAK = YES;
				CLANG_WARN_BLOCK_CAPTURE_AUTORELEASING = YES;
				CLANG_WARN_BOOL_CONVERSION = YES;
				CLANG_WARN_COMMA = YES;
				CLANG_WARN_CONSTANT_CONVERSION = YES;
				CLANG_WARN_DEPRECATED_OBJC_IMPLEMENTATIONS = YES;
				CLANG_WARN_DIRECT_OBJC_ISA_USAGE = YES_ERROR;
				CLANG_WARN_DOCUMENTATION_COMMENTS = YES;
				CLANG_WARN_EMPTY_BODY = YES;
				CLANG_WARN_ENUM_CONVERSION = YES;
				CLANG_WARN_INFINITE_RECURSION = YES;
				CLANG_WARN_INT_CONVERSION = YES;
				CLANG_WARN_NON_LITERAL_NULL_CONVERSION = YES;
				CLANG_WARN_OBJC_IMPLICIT_RETAIN_SELF = YES;
				CLANG_WARN_OBJC_LITERAL_CONVERSION = YES;
				CLANG_WARN_OBJC_ROOT_CLASS = YES_ERROR;
				CLANG_WARN_QUOTED_INCLUDE_IN_FRAMEWORK_HEADER = YES;
				CLANG_WARN_RANGE_LOOP_ANALYSIS = YES;
				CLANG_WARN_STRICT_PROTOTYPES = YES;
				CLANG_WARN_SUSPICIOUS_MOVE = YES;
				CLANG_WARN_UNGUARDED_AVAILABILITY = YES_AGGRESSIVE;
				CLANG_WARN_UNREACHABLE_CODE = YES;
				CLANG_WARN__DUPLICATE_METHOD_MATCH = YES;
				COPY_PHASE_STRIP = NO;
				DEBUG_INFORMATION_FORMAT = dwarf;
				ENABLE_STRICT_OBJC_MSGSEND = YES;
				ENABLE_TESTABILITY = YES;
				ENABLE_USER_SCRIPT_SANDBOXING = YES;
				GCC_C_LANGUAGE_STANDARD = gnu17;
				GCC_DYNAMIC_NO_PIC = NO;
				GCC_NO_COMMON_BLOCKS = YES;
				GCC_OPTIMIZATION_LEVEL = 0;
				GCC_PREPROCESSOR_DEFINITIONS = (
					"DEBUG=1",
					"$(inherited)",
				);
				GCC_WARN_64_TO_32_BIT_CONVERSION = YES;
				GCC_WARN_ABOUT_RETURN_TYPE = YES_ERROR;
				GCC_WARN_UNDECLARED_SELECTOR = YES;
				GCC_WARN_UNINITIALIZED_AUTOS = YES_AGGRESSIVE;
				GCC_WARN_UNUSED_FUNCTION = YES;
				GCC_WARN_UNUSED_VARIABLE = YES;
				IPHONEOS_DEPLOYMENT_TARGET = 17.0;
				LOCALIZATION_PREFERS_STRING_CATALOGS = YES;
				MTL_ENABLE_DEBUG_INFO = INCLUDE_SOURCE;
				MTL_FAST_MATH = YES;
				ONLY_ACTIVE_ARCH = YES;
				SDKROOT = iphoneos;
				SWIFT_ACTIVE_COMPILATION_CONDITIONS = "DEBUG $(inherited)";
				SWIFT_OPTIMIZATION_LEVEL = "-Onone";
			};
			name = Debug;
		};
		26B8988F2B0DAA940011142B /* Release */ = {
			isa = XCBuildConfiguration;
			buildSettings = {
				ALWAYS_SEARCH_USER_PATHS = NO;
				ASSETCATALOG_COMPILER_GENERATE_SWIFT_ASSET_SYMBOL_EXTENSIONS = YES;
				CLANG_ANALYZER_NONNULL = YES;
				CLANG_ANALYZER_NUMBER_OBJECT_CONVERSION = YES_AGGRESSIVE;
				CLANG_CXX_LANGUAGE_STANDARD = "gnu++20";
				CLANG_ENABLE_MODULES = YES;
				CLANG_ENABLE_OBJC_ARC = YES;
				CLANG_ENABLE_OBJC_WEAK = YES;
				CLANG_WARN_BLOCK_CAPTURE_AUTORELEASING = YES;
				CLANG_WARN_BOOL_CONVERSION = YES;
				CLANG_WARN_COMMA = YES;
				CLANG_WARN_CONSTANT_CONVERSION = YES;
				CLANG_WARN_DEPRECATED_OBJC_IMPLEMENTATIONS = YES;
				CLANG_WARN_DIRECT_OBJC_ISA_USAGE = YES_ERROR;
				CLANG_WARN_DOCUMENTATION_COMMENTS = YES;
				CLANG_WARN_EMPTY_BODY = YES;
				CLANG_WARN_ENUM_CONVERSION = YES;
				CLANG_WARN_INFINITE_RECURSION = YES;
				CLANG_WARN_INT_CONVERSION = YES;
				CLANG_WARN_NON_LITERAL_NULL_CONVERSION = YES;
				CLANG_WARN_OBJC_IMPLICIT_RETAIN_SELF = YES;
				CLANG_WARN_OBJC_LITERAL_CONVERSION = YES;
				CLANG_WARN_OBJC_ROOT_CLASS = YES_ERROR;
				CLANG_WARN_QUOTED_INCLUDE_IN_FRAMEWORK_HEADER = YES;
				CLANG_WARN_RANGE_LOOP_ANALYSIS = YES;
				CLANG_WARN_STRICT_PROTOTYPES = YES;
				CLANG_WARN_SUSPICIOUS_MOVE = YES;
				CLANG_WARN_UNGUARDED_AVAILABILITY = YES_AGGRESSIVE;
				CLANG_WARN_UNREACHABLE_CODE = YES;
				CLANG_WARN__DUPLICATE_METHOD_MATCH = YES;
				COPY_PHASE_STRIP = NO;
				DEBUG_INFORMATION_FORMAT = "dwarf-with-dsym";
				ENABLE_NS_ASSERTIONS = NO;
				ENABLE_STRICT_OBJC_MSGSEND = YES;
				ENABLE_USER_SCRIPT_SANDBOXING = YES;
				GCC_C_LANGUAGE_STANDARD = gnu17;
				GCC_NO_COMMON_BLOCKS = YES;
				GCC_WARN_64_TO_32_BIT_CONVERSION = YES;
				GCC_WARN_ABOUT_RETURN_TYPE = YES_ERROR;
				GCC_WARN_UNDECLARED_SELECTOR = YES;
				GCC_WARN_UNINITIALIZED_AUTOS = YES_AGGRESSIVE;
				GCC_WARN_UNUSED_FUNCTION = YES;
				GCC_WARN_UNUSED_VARIABLE = YES;
				IPHONEOS_DEPLOYMENT_TARGET = 17.0;
				LOCALIZATION_PREFERS_STRING_CATALOGS = YES;
				MTL_ENABLE_DEBUG_INFO = NO;
				MTL_FAST_MATH = YES;
				SDKROOT = iphoneos;
				SWIFT_COMPILATION_MODE = wholemodule;
				VALIDATE_PRODUCT = YES;
			};
			name = Release;
		};
		26B898912B0DAA940011142B /* Debug */ = {
			isa = XCBuildConfiguration;
			buildSettings = {
				ASSETCATALOG_COMPILER_APPICON_NAME = AppIcon;
				ASSETCATALOG_COMPILER_GLOBAL_ACCENT_COLOR_NAME = AccentColor;
				CODE_SIGN_STYLE = Automatic;
				CURRENT_PROJECT_VERSION = 1;
				DEVELOPMENT_ASSET_PATHS = "\"recipes/Preview Content\"";
				DEVELOPMENT_TEAM = X6HD2Z8AT6;
				ENABLE_PREVIEWS = YES;
				GENERATE_INFOPLIST_FILE = YES;
				INFOPLIST_KEY_UIApplicationSceneManifest_Generation = YES;
				INFOPLIST_KEY_UIApplicationSupportsIndirectInputEvents = YES;
				INFOPLIST_KEY_UILaunchScreen_Generation = YES;
				INFOPLIST_KEY_UISupportedInterfaceOrientations_iPad = "UIInterfaceOrientationPortrait UIInterfaceOrientationPortraitUpsideDown UIInterfaceOrientationLandscapeLeft UIInterfaceOrientationLandscapeRight";
				INFOPLIST_KEY_UISupportedInterfaceOrientations_iPhone = "UIInterfaceOrientationPortrait UIInterfaceOrientationLandscapeLeft UIInterfaceOrientationLandscapeRight";
				LD_RUNPATH_SEARCH_PATHS = (
					"$(inherited)",
					"@executable_path/Frameworks",
				);
				MARKETING_VERSION = 1.0;
				PRODUCT_BUNDLE_IDENTIFIER = emmajoi.recipes;
				PRODUCT_NAME = "$(TARGET_NAME)";
				SWIFT_EMIT_LOC_STRINGS = YES;
				SWIFT_VERSION = 5.0;
				TARGETED_DEVICE_FAMILY = "1,2";
			};
			name = Debug;
		};
		26B898922B0DAA940011142B /* Release */ = {
			isa = XCBuildConfiguration;
			buildSettings = {
				ASSETCATALOG_COMPILER_APPICON_NAME = AppIcon;
				ASSETCATALOG_COMPILER_GLOBAL_ACCENT_COLOR_NAME = AccentColor;
				CODE_SIGN_STYLE = Automatic;
				CURRENT_PROJECT_VERSION = 1;
				DEVELOPMENT_ASSET_PATHS = "\"recipes/Preview Content\"";
				DEVELOPMENT_TEAM = X6HD2Z8AT6;
				ENABLE_PREVIEWS = YES;
				GENERATE_INFOPLIST_FILE = YES;
				INFOPLIST_KEY_UIApplicationSceneManifest_Generation = YES;
				INFOPLIST_KEY_UIApplicationSupportsIndirectInputEvents = YES;
				INFOPLIST_KEY_UILaunchScreen_Generation = YES;
				INFOPLIST_KEY_UISupportedInterfaceOrientations_iPad = "UIInterfaceOrientationPortrait UIInterfaceOrientationPortraitUpsideDown UIInterfaceOrientationLandscapeLeft UIInterfaceOrientationLandscapeRight";
				INFOPLIST_KEY_UISupportedInterfaceOrientations_iPhone = "UIInterfaceOrientationPortrait UIInterfaceOrientationLandscapeLeft UIInterfaceOrientationLandscapeRight";
				LD_RUNPATH_SEARCH_PATHS = (
					"$(inherited)",
					"@executable_path/Frameworks",
				);
				MARKETING_VERSION = 1.0;
				PRODUCT_BUNDLE_IDENTIFIER = emmajoi.recipes;
				PRODUCT_NAME = "$(TARGET_NAME)";
				SWIFT_EMIT_LOC_STRINGS = YES;
				SWIFT_VERSION = 5.0;
				TARGETED_DEVICE_FAMILY = "1,2";
			};
			name = Release;
		};
		26B898942B0DAA940011142B /* Debug */ = {
			isa = XCBuildConfiguration;
			buildSettings = {
				ALWAYS_EMBED_SWIFT_STANDARD_LIBRARIES = YES;
				BUNDLE_LOADER = "$(TEST_HOST)";
				CODE_SIGN_STYLE = Automatic;
				CURRENT_PROJECT_VERSION = 1;
				DEVELOPMENT_TEAM = X6HD2Z8AT6;
				GENERATE_INFOPLIST_FILE = YES;
				IPHONEOS_DEPLOYMENT_TARGET = 17.0;
				MARKETING_VERSION = 1.0;
				PRODUCT_BUNDLE_IDENTIFIER = emmajoi.recipesTests;
				PRODUCT_NAME = "$(TARGET_NAME)";
				SWIFT_EMIT_LOC_STRINGS = NO;
				SWIFT_VERSION = 5.0;
				TARGETED_DEVICE_FAMILY = "1,2";
				TEST_HOST = "$(BUILT_PRODUCTS_DIR)/recipes.app/$(BUNDLE_EXECUTABLE_FOLDER_PATH)/recipes";
			};
			name = Debug;
		};
		26B898952B0DAA940011142B /* Release */ = {
			isa = XCBuildConfiguration;
			buildSettings = {
				ALWAYS_EMBED_SWIFT_STANDARD_LIBRARIES = YES;
				BUNDLE_LOADER = "$(TEST_HOST)";
				CODE_SIGN_STYLE = Automatic;
				CURRENT_PROJECT_VERSION = 1;
				DEVELOPMENT_TEAM = X6HD2Z8AT6;
				GENERATE_INFOPLIST_FILE = YES;
				IPHONEOS_DEPLOYMENT_TARGET = 17.0;
				MARKETING_VERSION = 1.0;
				PRODUCT_BUNDLE_IDENTIFIER = emmajoi.recipesTests;
				PRODUCT_NAME = "$(TARGET_NAME)";
				SWIFT_EMIT_LOC_STRINGS = NO;
				SWIFT_VERSION = 5.0;
				TARGETED_DEVICE_FAMILY = "1,2";
				TEST_HOST = "$(BUILT_PRODUCTS_DIR)/recipes.app/$(BUNDLE_EXECUTABLE_FOLDER_PATH)/recipes";
			};
			name = Release;
		};
		26B898972B0DAA940011142B /* Debug */ = {
			isa = XCBuildConfiguration;
			buildSettings = {
				ALWAYS_EMBED_SWIFT_STANDARD_LIBRARIES = YES;
				CODE_SIGN_STYLE = Automatic;
				CURRENT_PROJECT_VERSION = 1;
				DEVELOPMENT_TEAM = X6HD2Z8AT6;
				GENERATE_INFOPLIST_FILE = YES;
				MARKETING_VERSION = 1.0;
				PRODUCT_BUNDLE_IDENTIFIER = emmajoi.recipesUITests;
				PRODUCT_NAME = "$(TARGET_NAME)";
				SWIFT_EMIT_LOC_STRINGS = NO;
				SWIFT_VERSION = 5.0;
				TARGETED_DEVICE_FAMILY = "1,2";
				TEST_TARGET_NAME = recipes;
			};
			name = Debug;
		};
		26B898982B0DAA940011142B /* Release */ = {
			isa = XCBuildConfiguration;
			buildSettings = {
				ALWAYS_EMBED_SWIFT_STANDARD_LIBRARIES = YES;
				CODE_SIGN_STYLE = Automatic;
				CURRENT_PROJECT_VERSION = 1;
				DEVELOPMENT_TEAM = X6HD2Z8AT6;
				GENERATE_INFOPLIST_FILE = YES;
				MARKETING_VERSION = 1.0;
				PRODUCT_BUNDLE_IDENTIFIER = emmajoi.recipesUITests;
				PRODUCT_NAME = "$(TARGET_NAME)";
				SWIFT_EMIT_LOC_STRINGS = NO;
				SWIFT_VERSION = 5.0;
				TARGETED_DEVICE_FAMILY = "1,2";
				TEST_TARGET_NAME = recipes;
			};
			name = Release;
		};
/* End XCBuildConfiguration section */

/* Begin XCConfigurationList section */
		26B898652B0DAA930011142B /* Build configuration list for PBXProject "recipes" */ = {
			isa = XCConfigurationList;
			buildConfigurations = (
				26B8988E2B0DAA940011142B /* Debug */,
				26B8988F2B0DAA940011142B /* Release */,
			);
			defaultConfigurationIsVisible = 0;
			defaultConfigurationName = Release;
		};
		26B898902B0DAA940011142B /* Build configuration list for PBXNativeTarget "recipes" */ = {
			isa = XCConfigurationList;
			buildConfigurations = (
				26B898912B0DAA940011142B /* Debug */,
				26B898922B0DAA940011142B /* Release */,
			);
			defaultConfigurationIsVisible = 0;
			defaultConfigurationName = Release;
		};
		26B898932B0DAA940011142B /* Build configuration list for PBXNativeTarget "recipesTests" */ = {
			isa = XCConfigurationList;
			buildConfigurations = (
				26B898942B0DAA940011142B /* Debug */,
				26B898952B0DAA940011142B /* Release */,
			);
			defaultConfigurationIsVisible = 0;
			defaultConfigurationName = Release;
		};
		26B898962B0DAA940011142B /* Build configuration list for PBXNativeTarget "recipesUITests" */ = {
			isa = XCConfigurationList;
			buildConfigurations = (
				26B898972B0DAA940011142B /* Debug */,
				26B898982B0DAA940011142B /* Release */,
			);
			defaultConfigurationIsVisible = 0;
			defaultConfigurationName = Release;
		};
/* End XCConfigurationList section */

/* Begin XCRemoteSwiftPackageReference section */
		26B898992B0DAEE10011142B /* XCRemoteSwiftPackageReference "swift-markdown-ui" */ = {
			isa = XCRemoteSwiftPackageReference;
			repositoryURL = "https://github.com/gonzalezreal/swift-markdown-ui";
			requirement = {
				kind = upToNextMajorVersion;
				minimumVersion = 2.2.0;
			};
		};
/* End XCRemoteSwiftPackageReference section */

/* Begin XCSwiftPackageProductDependency section */
		26B8989A2B0DAEE10011142B /* MarkdownUI */ = {
			isa = XCSwiftPackageProductDependency;
			package = 26B898992B0DAEE10011142B /* XCRemoteSwiftPackageReference "swift-markdown-ui" */;
			productName = MarkdownUI;
		};
/* End XCSwiftPackageProductDependency section */
	};
	rootObject = 26B898622B0DAA930011142B /* Project object */;
}
